
Microsoft Visual Studio Solution File, Format Version 12.00
# Visual Studio Version 17
VisualStudioVersion = 17.10.35027.167
MinimumVisualStudioVersion = 10.0.40219.1
Project("{FAE04EC0-301F-11D3-BF4B-00C04F79EFBC}") = "activity", "activity\activity.csproj", "{9C29E44F-70B9-46EC-8370-1579B9BB2C61}"
EndProject
Global
	GlobalSection(SolutionConfigurationPlatforms) = preSolution
		Debug|Any CPU = Debug|Any CPU
		Release|Any CPU = Release|Any CPU
	EndGlobalSection
	GlobalSection(ProjectConfigurationPlatforms) = postSolution
		{9C29E44F-70B9-46EC-8370-1579B9BB2C61}.Debug|Any CPU.ActiveCfg = Debug|Any CPU
		{9C29E44F-70B9-46EC-8370-1579B9BB2C61}.Debug|Any CPU.Build.0 = Debug|Any CPU
		{9C29E44F-70B9-46EC-8370-1579B9BB2C61}.Release|Any CPU.ActiveCfg = Release|Any CPU
		{9C29E44F-70B9-46EC-8370-1579B9BB2C61}.Release|Any CPU.Build.0 = Release|Any CPU
	EndGlobalSection
	GlobalSection(SolutionProperties) = preSolution
		HideSolutionNode = FALSE
	EndGlobalSection
	GlobalSection(ExtensibilityGlobals) = postSolution
		SolutionGuid = {42A44BED-A78F-448D-AE3A-57E0DA23E332}
	EndGlobalSection
EndGlobal
