
Microsoft Visual Studio Solution File, Format Version 12.00
# Visual Studio Version 17
VisualStudioVersion = 17.10.35027.167
MinimumVisualStudioVersion = 10.0.40219.1
Project("{FAE04EC0-301F-11D3-BF4B-00C04F79EFBC}") = "discussion", "discussion.csproj", "{9BDD838C-0D42-4FB9-AFDB-8ECD781A8A1F}"
EndProject
Global
	GlobalSection(SolutionConfigurationPlatforms) = preSolution
		Debug|Any CPU = Debug|Any CPU
		Release|Any CPU = Release|Any CPU
	EndGlobalSection
	GlobalSection(ProjectConfigurationPlatforms) = postSolution
		{9BDD838C-0D42-4FB9-AFDB-8ECD781A8A1F}.Debug|Any CPU.ActiveCfg = Debug|Any CPU
		{9BDD838C-0D42-4FB9-AFDB-8ECD781A8A1F}.Debug|Any CPU.Build.0 = Debug|Any CPU
		{9BDD838C-0D42-4FB9-AFDB-8ECD781A8A1F}.Release|Any CPU.ActiveCfg = Release|Any CPU
		{9BDD838C-0D42-4FB9-AFDB-8ECD781A8A1F}.Release|Any CPU.Build.0 = Release|Any CPU
	EndGlobalSection
	GlobalSection(SolutionProperties) = preSolution
		HideSolutionNode = FALSE
	EndGlobalSection
	GlobalSection(ExtensibilityGlobals) = postSolution
		SolutionGuid = {510B1486-7D68-4CA2-9573-7B138F78505F}
	EndGlobalSection
EndGlobal
